
Microsoft Visual Studio Solution File, Format Version 12.00
# Visual Studio 15
VisualStudioVersion = 15.0.28307.489
MinimumVisualStudioVersion = 10.0.40219.1
Project("{FAE04EC0-301F-11D3-BF4B-00C04F79EFBC}") = "URSSMvc", "URSSMvc\URSSMvc.csproj", "{8EC7B0B0-285B-44A2-808C-A552B0DCA73F}"
EndProject
Global
	GlobalSection(SolutionConfigurationPlatforms) = preSolution
		Debug|Any CPU = Debug|Any CPU
		Release|Any CPU = Release|Any CPU
	EndGlobalSection
	GlobalSection(ProjectConfigurationPlatforms) = postSolution
		{8EC7B0B0-285B-44A2-808C-A552B0DCA73F}.Debug|Any CPU.ActiveCfg = Debug|Any CPU
		{8EC7B0B0-285B-44A2-808C-A552B0DCA73F}.Debug|Any CPU.Build.0 = Debug|Any CPU
		{8EC7B0B0-285B-44A2-808C-A552B0DCA73F}.Release|Any CPU.ActiveCfg = Release|Any CPU
		{8EC7B0B0-285B-44A2-808C-A552B0DCA73F}.Release|Any CPU.Build.0 = Release|Any CPU
	EndGlobalSection
	GlobalSection(SolutionProperties) = preSolution
		HideSolutionNode = FALSE
	EndGlobalSection
	GlobalSection(ExtensibilityGlobals) = postSolution
		SolutionGuid = {E5B9F952-D0CF-4933-B346-201ABE8D70EF}
	EndGlobalSection
EndGlobal
